// !$*UTF8*$!
{
	archiveVersion = 1;
	classes = {
	};
	objectVersion = 55;
	objects = {

/* Begin PBXBuildFile section */
		7C275DA82852CB0F001668CD /* Bundle-Decodable.swift in Sources */ = {isa = PBXBuildFile; fileRef = 7C275DA72852CB0F001668CD /* Bundle-Decodable.swift */; };
		7C275DAA2852CB45001668CD /* Awards.json in Resources */ = {isa = PBXBuildFile; fileRef = 7C275DA92852CB45001668CD /* Awards.json */; };
		7C275DAC2852CB55001668CD /* Award.swift in Sources */ = {isa = PBXBuildFile; fileRef = 7C275DAB2852CB55001668CD /* Award.swift */; };
		7C275DAE2852CB88001668CD /* AwardsView.swift in Sources */ = {isa = PBXBuildFile; fileRef = 7C275DAD2852CB88001668CD /* AwardsView.swift */; };
		7C32429C284413E9004F2150 /* TravnerApp.swift in Sources */ = {isa = PBXBuildFile; fileRef = 7C32429B284413E9004F2150 /* TravnerApp.swift */; };
		7C32429E284413E9004F2150 /* ContentView.swift in Sources */ = {isa = PBXBuildFile; fileRef = 7C32429D284413E9004F2150 /* ContentView.swift */; };
		7C3242A0284413F0004F2150 /* Assets.xcassets in Resources */ = {isa = PBXBuildFile; fileRef = 7C32429F284413F0004F2150 /* Assets.xcassets */; };
		7C3242A3284413F0004F2150 /* Preview Assets.xcassets in Resources */ = {isa = PBXBuildFile; fileRef = 7C3242A2284413F0004F2150 /* Preview Assets.xcassets */; };
		7C560E24285242E9001C61AF /* Main.xcdatamodeld in Sources */ = {isa = PBXBuildFile; fileRef = 7C560E22285242E9001C61AF /* Main.xcdatamodeld */; };
		7C560E26285259F9001C61AF /* DataController.swift in Sources */ = {isa = PBXBuildFile; fileRef = 7C560E25285259F9001C61AF /* DataController.swift */; };
		7C560E2B28526C74001C61AF /* CloudKit.framework in Frameworks */ = {isa = PBXBuildFile; fileRef = 7C560E2A28526C74001C61AF /* CloudKit.framework */; };
		7C560E2D28527472001C61AF /* HomeView.swift in Sources */ = {isa = PBXBuildFile; fileRef = 7C560E2C28527472001C61AF /* HomeView.swift */; };
		7C560E2F2852778A001C61AF /* GuidesView.swift in Sources */ = {isa = PBXBuildFile; fileRef = 7C560E2E2852778A001C61AF /* GuidesView.swift */; };
		7C560E3128527C18001C61AF /* Place-CoreDataHelpers.swift in Sources */ = {isa = PBXBuildFile; fileRef = 7C560E3028527C18001C61AF /* Place-CoreDataHelpers.swift */; };
		7C560E3328527C3D001C61AF /* Guide-CoreDataHelpers.swift in Sources */ = {isa = PBXBuildFile; fileRef = 7C560E3228527C3D001C61AF /* Guide-CoreDataHelpers.swift */; };
		7C560E35285297DC001C61AF /* EditPlaceView.swift in Sources */ = {isa = PBXBuildFile; fileRef = 7C560E34285297DC001C61AF /* EditPlaceView.swift */; };
		7C560E37285298FC001C61AF /* PlaceRowView.swift in Sources */ = {isa = PBXBuildFile; fileRef = 7C560E36285298FC001C61AF /* PlaceRowView.swift */; };
		7C560E3928529BAF001C61AF /* Binding-OnChange.swift in Sources */ = {isa = PBXBuildFile; fileRef = 7C560E3828529BAF001C61AF /* Binding-OnChange.swift */; };
		7C560E3B2852A101001C61AF /* GuideHeaderView.swift in Sources */ = {isa = PBXBuildFile; fileRef = 7C560E3A2852A101001C61AF /* GuideHeaderView.swift */; };
		7C560E3D2852A1E3001C61AF /* Colors.xcassets in Resources */ = {isa = PBXBuildFile; fileRef = 7C560E3C2852A1E3001C61AF /* Colors.xcassets */; };
		7C560E3F2852A259001C61AF /* EditGuideView.swift in Sources */ = {isa = PBXBuildFile; fileRef = 7C560E3E2852A259001C61AF /* EditGuideView.swift */; };
		7C560E412852B796001C61AF /* Sequence-Sorting.swift in Sources */ = {isa = PBXBuildFile; fileRef = 7C560E402852B796001C61AF /* Sequence-Sorting.swift */; };
		7C560E432852BF37001C61AF /* SelectSomethingView.swift in Sources */ = {isa = PBXBuildFile; fileRef = 7C560E422852BF37001C61AF /* SelectSomethingView.swift */; };
/* End PBXBuildFile section */

/* Begin PBXFileReference section */
		7C275DA72852CB0F001668CD /* Bundle-Decodable.swift */ = {isa = PBXFileReference; lastKnownFileType = sourcecode.swift; path = "Bundle-Decodable.swift"; sourceTree = "<group>"; };
		7C275DA92852CB45001668CD /* Awards.json */ = {isa = PBXFileReference; fileEncoding = 4; lastKnownFileType = text.json; path = Awards.json; sourceTree = "<group>"; };
		7C275DAB2852CB55001668CD /* Award.swift */ = {isa = PBXFileReference; lastKnownFileType = sourcecode.swift; path = Award.swift; sourceTree = "<group>"; };
		7C275DAD2852CB88001668CD /* AwardsView.swift */ = {isa = PBXFileReference; lastKnownFileType = sourcecode.swift; path = AwardsView.swift; sourceTree = "<group>"; };
		7C324298284413E9004F2150 /* Travner.app */ = {isa = PBXFileReference; explicitFileType = wrapper.application; includeInIndex = 0; path = Travner.app; sourceTree = BUILT_PRODUCTS_DIR; };
		7C32429B284413E9004F2150 /* TravnerApp.swift */ = {isa = PBXFileReference; lastKnownFileType = sourcecode.swift; path = TravnerApp.swift; sourceTree = "<group>"; };
		7C32429D284413E9004F2150 /* ContentView.swift */ = {isa = PBXFileReference; lastKnownFileType = sourcecode.swift; path = ContentView.swift; sourceTree = "<group>"; };
		7C32429F284413F0004F2150 /* Assets.xcassets */ = {isa = PBXFileReference; lastKnownFileType = folder.assetcatalog; path = Assets.xcassets; sourceTree = "<group>"; };
		7C3242A2284413F0004F2150 /* Preview Assets.xcassets */ = {isa = PBXFileReference; lastKnownFileType = folder.assetcatalog; path = "Preview Assets.xcassets"; sourceTree = "<group>"; };
		7C560E23285242E9001C61AF /* Main.xcdatamodel */ = {isa = PBXFileReference; lastKnownFileType = wrapper.xcdatamodel; path = Main.xcdatamodel; sourceTree = "<group>"; };
		7C560E25285259F9001C61AF /* DataController.swift */ = {isa = PBXFileReference; lastKnownFileType = sourcecode.swift; path = DataController.swift; sourceTree = "<group>"; };
		7C560E2728526C58001C61AF /* Travner.entitlements */ = {isa = PBXFileReference; lastKnownFileType = text.plist.entitlements; path = Travner.entitlements; sourceTree = "<group>"; };
		7C560E2828526C5C001C61AF /* Info.plist */ = {isa = PBXFileReference; lastKnownFileType = text.plist; path = Info.plist; sourceTree = "<group>"; };
		7C560E2A28526C74001C61AF /* CloudKit.framework */ = {isa = PBXFileReference; lastKnownFileType = wrapper.framework; name = CloudKit.framework; path = System/Library/Frameworks/CloudKit.framework; sourceTree = SDKROOT; };
		7C560E2C28527472001C61AF /* HomeView.swift */ = {isa = PBXFileReference; lastKnownFileType = sourcecode.swift; path = HomeView.swift; sourceTree = "<group>"; };
		7C560E2E2852778A001C61AF /* GuidesView.swift */ = {isa = PBXFileReference; lastKnownFileType = sourcecode.swift; path = GuidesView.swift; sourceTree = "<group>"; };
		7C560E3028527C18001C61AF /* Place-CoreDataHelpers.swift */ = {isa = PBXFileReference; lastKnownFileType = sourcecode.swift; path = "Place-CoreDataHelpers.swift"; sourceTree = "<group>"; };
		7C560E3228527C3D001C61AF /* Guide-CoreDataHelpers.swift */ = {isa = PBXFileReference; lastKnownFileType = sourcecode.swift; path = "Guide-CoreDataHelpers.swift"; sourceTree = "<group>"; };
		7C560E34285297DC001C61AF /* EditPlaceView.swift */ = {isa = PBXFileReference; lastKnownFileType = sourcecode.swift; path = EditPlaceView.swift; sourceTree = "<group>"; };
		7C560E36285298FC001C61AF /* PlaceRowView.swift */ = {isa = PBXFileReference; lastKnownFileType = sourcecode.swift; path = PlaceRowView.swift; sourceTree = "<group>"; };
		7C560E3828529BAF001C61AF /* Binding-OnChange.swift */ = {isa = PBXFileReference; lastKnownFileType = sourcecode.swift; path = "Binding-OnChange.swift"; sourceTree = "<group>"; };
		7C560E3A2852A101001C61AF /* GuideHeaderView.swift */ = {isa = PBXFileReference; lastKnownFileType = sourcecode.swift; path = GuideHeaderView.swift; sourceTree = "<group>"; };
		7C560E3C2852A1E3001C61AF /* Colors.xcassets */ = {isa = PBXFileReference; lastKnownFileType = folder.assetcatalog; path = Colors.xcassets; sourceTree = "<group>"; };
		7C560E3E2852A259001C61AF /* EditGuideView.swift */ = {isa = PBXFileReference; lastKnownFileType = sourcecode.swift; path = EditGuideView.swift; sourceTree = "<group>"; };
		7C560E402852B796001C61AF /* Sequence-Sorting.swift */ = {isa = PBXFileReference; lastKnownFileType = sourcecode.swift; path = "Sequence-Sorting.swift"; sourceTree = "<group>"; };
		7C560E422852BF37001C61AF /* SelectSomethingView.swift */ = {isa = PBXFileReference; lastKnownFileType = sourcecode.swift; path = SelectSomethingView.swift; sourceTree = "<group>"; };
/* End PBXFileReference section */

/* Begin PBXFrameworksBuildPhase section */
		7C324295284413E9004F2150 /* Frameworks */ = {
			isa = PBXFrameworksBuildPhase;
			buildActionMask = 2147483647;
			files = (
				7C560E2B28526C74001C61AF /* CloudKit.framework in Frameworks */,
			);
			runOnlyForDeploymentPostprocessing = 0;
		};
/* End PBXFrameworksBuildPhase section */

/* Begin PBXGroup section */
		7C32428F284413E9004F2150 = {
			isa = PBXGroup;
			children = (
				7C32429A284413E9004F2150 /* Travner */,
				7C324299284413E9004F2150 /* Products */,
				7C560E2928526C74001C61AF /* Frameworks */,
			);
			sourceTree = "<group>";
		};
		7C324299284413E9004F2150 /* Products */ = {
			isa = PBXGroup;
			children = (
				7C324298284413E9004F2150 /* Travner.app */,
			);
			name = Products;
			sourceTree = "<group>";
		};
		7C32429A284413E9004F2150 /* Travner */ = {
			isa = PBXGroup;
			children = (
				7C560E2828526C5C001C61AF /* Info.plist */,
				7C560E2728526C58001C61AF /* Travner.entitlements */,
				7C32429B284413E9004F2150 /* TravnerApp.swift */,
				7C32429D284413E9004F2150 /* ContentView.swift */,
				7C560E2C28527472001C61AF /* HomeView.swift */,
				7C560E2E2852778A001C61AF /* GuidesView.swift */,
				7C560E3028527C18001C61AF /* Place-CoreDataHelpers.swift */,
				7C560E3228527C3D001C61AF /* Guide-CoreDataHelpers.swift */,
				7C560E34285297DC001C61AF /* EditPlaceView.swift */,
				7C560E36285298FC001C61AF /* PlaceRowView.swift */,
				7C560E3828529BAF001C61AF /* Binding-OnChange.swift */,
				7C560E3A2852A101001C61AF /* GuideHeaderView.swift */,
				7C560E3E2852A259001C61AF /* EditGuideView.swift */,
				7C560E402852B796001C61AF /* Sequence-Sorting.swift */,
				7C560E422852BF37001C61AF /* SelectSomethingView.swift */,
				7C275DA72852CB0F001668CD /* Bundle-Decodable.swift */,
				7C275DA92852CB45001668CD /* Awards.json */,
				7C275DAB2852CB55001668CD /* Award.swift */,
				7C275DAD2852CB88001668CD /* AwardsView.swift */,
				7C32429F284413F0004F2150 /* Assets.xcassets */,
				7C560E3C2852A1E3001C61AF /* Colors.xcassets */,
				7C560E22285242E9001C61AF /* Main.xcdatamodeld */,
				7C560E25285259F9001C61AF /* DataController.swift */,
				7C3242A1284413F0004F2150 /* Preview Content */,
			);
			path = Travner;
			sourceTree = "<group>";
		};
		7C3242A1284413F0004F2150 /* Preview Content */ = {
			isa = PBXGroup;
			children = (
				7C3242A2284413F0004F2150 /* Preview Assets.xcassets */,
			);
			path = "Preview Content";
			sourceTree = "<group>";
		};
		7C560E2928526C74001C61AF /* Frameworks */ = {
			isa = PBXGroup;
			children = (
				7C560E2A28526C74001C61AF /* CloudKit.framework */,
			);
			name = Frameworks;
			sourceTree = "<group>";
		};
/* End PBXGroup section */

/* Begin PBXNativeTarget section */
		7C324297284413E9004F2150 /* Travner */ = {
			isa = PBXNativeTarget;
			buildConfigurationList = 7C3242A6284413F0004F2150 /* Build configuration list for PBXNativeTarget "Travner" */;
			buildPhases = (
				7C324294284413E9004F2150 /* Sources */,
				7C324295284413E9004F2150 /* Frameworks */,
				7C324296284413E9004F2150 /* Resources */,
			);
			buildRules = (
			);
			dependencies = (
			);
			name = Travner;
			productName = Travner;
			productReference = 7C324298284413E9004F2150 /* Travner.app */;
			productType = "com.apple.product-type.application";
		};
/* End PBXNativeTarget section */

/* Begin PBXProject section */
		7C324290284413E9004F2150 /* Project object */ = {
			isa = PBXProject;
			attributes = {
				BuildIndependentTargetsInParallel = 1;
				LastSwiftUpdateCheck = 1340;
				LastUpgradeCheck = 1340;
				TargetAttributes = {
					7C324297284413E9004F2150 = {
						CreatedOnToolsVersion = 13.4;
					};
				};
			};
			buildConfigurationList = 7C324293284413E9004F2150 /* Build configuration list for PBXProject "Travner" */;
			compatibilityVersion = "Xcode 13.0";
			developmentRegion = en;
			hasScannedForEncodings = 0;
			knownRegions = (
				en,
				Base,
			);
			mainGroup = 7C32428F284413E9004F2150;
			productRefGroup = 7C324299284413E9004F2150 /* Products */;
			projectDirPath = "";
			projectRoot = "";
			targets = (
				7C324297284413E9004F2150 /* Travner */,
			);
		};
/* End PBXProject section */

/* Begin PBXResourcesBuildPhase section */
		7C324296284413E9004F2150 /* Resources */ = {
			isa = PBXResourcesBuildPhase;
			buildActionMask = 2147483647;
			files = (
				7C560E3D2852A1E3001C61AF /* Colors.xcassets in Resources */,
				7C275DAA2852CB45001668CD /* Awards.json in Resources */,
				7C3242A3284413F0004F2150 /* Preview Assets.xcassets in Resources */,
				7C3242A0284413F0004F2150 /* Assets.xcassets in Resources */,
			);
			runOnlyForDeploymentPostprocessing = 0;
		};
/* End PBXResourcesBuildPhase section */

/* Begin PBXSourcesBuildPhase section */
		7C324294284413E9004F2150 /* Sources */ = {
			isa = PBXSourcesBuildPhase;
			buildActionMask = 2147483647;
			files = (
				7C560E24285242E9001C61AF /* Main.xcdatamodeld in Sources */,
				7C560E26285259F9001C61AF /* DataController.swift in Sources */,
				7C275DAE2852CB88001668CD /* AwardsView.swift in Sources */,
				7C560E3B2852A101001C61AF /* GuideHeaderView.swift in Sources */,
				7C32429E284413E9004F2150 /* ContentView.swift in Sources */,
				7C560E2D28527472001C61AF /* HomeView.swift in Sources */,
				7C32429C284413E9004F2150 /* TravnerApp.swift in Sources */,
				7C560E432852BF37001C61AF /* SelectSomethingView.swift in Sources */,
				7C275DAC2852CB55001668CD /* Award.swift in Sources */,
				7C560E3128527C18001C61AF /* Place-CoreDataHelpers.swift in Sources */,
				7C560E3928529BAF001C61AF /* Binding-OnChange.swift in Sources */,
				7C560E2F2852778A001C61AF /* GuidesView.swift in Sources */,
				7C560E412852B796001C61AF /* Sequence-Sorting.swift in Sources */,
				7C275DA82852CB0F001668CD /* Bundle-Decodable.swift in Sources */,
				7C560E3F2852A259001C61AF /* EditGuideView.swift in Sources */,
				7C560E37285298FC001C61AF /* PlaceRowView.swift in Sources */,
				7C560E35285297DC001C61AF /* EditPlaceView.swift in Sources */,
				7C560E3328527C3D001C61AF /* Guide-CoreDataHelpers.swift in Sources */,
			);
			runOnlyForDeploymentPostprocessing = 0;
		};
/* End PBXSourcesBuildPhase section */

/* Begin XCBuildConfiguration section */
		7C3242A4284413F0004F2150 /* Debug */ = {
			isa = XCBuildConfiguration;
			buildSettings = {
				ALWAYS_SEARCH_USER_PATHS = NO;
				CLANG_ANALYZER_NONNULL = YES;
				CLANG_ANALYZER_NUMBER_OBJECT_CONVERSION = YES_AGGRESSIVE;
				CLANG_CXX_LANGUAGE_STANDARD = "gnu++17";
				CLANG_ENABLE_MODULES = YES;
				CLANG_ENABLE_OBJC_ARC = YES;
				CLANG_ENABLE_OBJC_WEAK = YES;
				CLANG_WARN_BLOCK_CAPTURE_AUTORELEASING = YES;
				CLANG_WARN_BOOL_CONVERSION = YES;
				CLANG_WARN_COMMA = YES;
				CLANG_WARN_CONSTANT_CONVERSION = YES;
				CLANG_WARN_DEPRECATED_OBJC_IMPLEMENTATIONS = YES;
				CLANG_WARN_DIRECT_OBJC_ISA_USAGE = YES_ERROR;
				CLANG_WARN_DOCUMENTATION_COMMENTS = YES;
				CLANG_WARN_EMPTY_BODY = YES;
				CLANG_WARN_ENUM_CONVERSION = YES;
				CLANG_WARN_INFINITE_RECURSION = YES;
				CLANG_WARN_INT_CONVERSION = YES;
				CLANG_WARN_NON_LITERAL_NULL_CONVERSION = YES;
				CLANG_WARN_OBJC_IMPLICIT_RETAIN_SELF = YES;
				CLANG_WARN_OBJC_LITERAL_CONVERSION = YES;
				CLANG_WARN_OBJC_ROOT_CLASS = YES_ERROR;
				CLANG_WARN_QUOTED_INCLUDE_IN_FRAMEWORK_HEADER = YES;
				CLANG_WARN_RANGE_LOOP_ANALYSIS = YES;
				CLANG_WARN_STRICT_PROTOTYPES = YES;
				CLANG_WARN_SUSPICIOUS_MOVE = YES;
				CLANG_WARN_UNGUARDED_AVAILABILITY = YES_AGGRESSIVE;
				CLANG_WARN_UNREACHABLE_CODE = YES;
				CLANG_WARN__DUPLICATE_METHOD_MATCH = YES;
				COPY_PHASE_STRIP = NO;
				DEBUG_INFORMATION_FORMAT = dwarf;
				ENABLE_STRICT_OBJC_MSGSEND = YES;
				ENABLE_TESTABILITY = YES;
				GCC_C_LANGUAGE_STANDARD = gnu11;
				GCC_DYNAMIC_NO_PIC = NO;
				GCC_NO_COMMON_BLOCKS = YES;
				GCC_OPTIMIZATION_LEVEL = 0;
				GCC_PREPROCESSOR_DEFINITIONS = (
					"DEBUG=1",
					"$(inherited)",
				);
				GCC_WARN_64_TO_32_BIT_CONVERSION = YES;
				GCC_WARN_ABOUT_RETURN_TYPE = YES_ERROR;
				GCC_WARN_UNDECLARED_SELECTOR = YES;
				GCC_WARN_UNINITIALIZED_AUTOS = YES_AGGRESSIVE;
				GCC_WARN_UNUSED_FUNCTION = YES;
				GCC_WARN_UNUSED_VARIABLE = YES;
				IPHONEOS_DEPLOYMENT_TARGET = 15.5;
				MTL_ENABLE_DEBUG_INFO = INCLUDE_SOURCE;
				MTL_FAST_MATH = YES;
				ONLY_ACTIVE_ARCH = YES;
				SDKROOT = iphoneos;
				SWIFT_ACTIVE_COMPILATION_CONDITIONS = DEBUG;
				SWIFT_OPTIMIZATION_LEVEL = "-Onone";
			};
			name = Debug;
		};
		7C3242A5284413F0004F2150 /* Release */ = {
			isa = XCBuildConfiguration;
			buildSettings = {
				ALWAYS_SEARCH_USER_PATHS = NO;
				CLANG_ANALYZER_NONNULL = YES;
				CLANG_ANALYZER_NUMBER_OBJECT_CONVERSION = YES_AGGRESSIVE;
				CLANG_CXX_LANGUAGE_STANDARD = "gnu++17";
				CLANG_ENABLE_MODULES = YES;
				CLANG_ENABLE_OBJC_ARC = YES;
				CLANG_ENABLE_OBJC_WEAK = YES;
				CLANG_WARN_BLOCK_CAPTURE_AUTORELEASING = YES;
				CLANG_WARN_BOOL_CONVERSION = YES;
				CLANG_WARN_COMMA = YES;
				CLANG_WARN_CONSTANT_CONVERSION = YES;
				CLANG_WARN_DEPRECATED_OBJC_IMPLEMENTATIONS = YES;
				CLANG_WARN_DIRECT_OBJC_ISA_USAGE = YES_ERROR;
				CLANG_WARN_DOCUMENTATION_COMMENTS = YES;
				CLANG_WARN_EMPTY_BODY = YES;
				CLANG_WARN_ENUM_CONVERSION = YES;
				CLANG_WARN_INFINITE_RECURSION = YES;
				CLANG_WARN_INT_CONVERSION = YES;
				CLANG_WARN_NON_LITERAL_NULL_CONVERSION = YES;
				CLANG_WARN_OBJC_IMPLICIT_RETAIN_SELF = YES;
				CLANG_WARN_OBJC_LITERAL_CONVERSION = YES;
				CLANG_WARN_OBJC_ROOT_CLASS = YES_ERROR;
				CLANG_WARN_QUOTED_INCLUDE_IN_FRAMEWORK_HEADER = YES;
				CLANG_WARN_RANGE_LOOP_ANALYSIS = YES;
				CLANG_WARN_STRICT_PROTOTYPES = YES;
				CLANG_WARN_SUSPICIOUS_MOVE = YES;
				CLANG_WARN_UNGUARDED_AVAILABILITY = YES_AGGRESSIVE;
				CLANG_WARN_UNREACHABLE_CODE = YES;
				CLANG_WARN__DUPLICATE_METHOD_MATCH = YES;
				COPY_PHASE_STRIP = NO;
				DEBUG_INFORMATION_FORMAT = "dwarf-with-dsym";
				ENABLE_NS_ASSERTIONS = NO;
				ENABLE_STRICT_OBJC_MSGSEND = YES;
				GCC_C_LANGUAGE_STANDARD = gnu11;
				GCC_NO_COMMON_BLOCKS = YES;
				GCC_WARN_64_TO_32_BIT_CONVERSION = YES;
				GCC_WARN_ABOUT_RETURN_TYPE = YES_ERROR;
				GCC_WARN_UNDECLARED_SELECTOR = YES;
				GCC_WARN_UNINITIALIZED_AUTOS = YES_AGGRESSIVE;
				GCC_WARN_UNUSED_FUNCTION = YES;
				GCC_WARN_UNUSED_VARIABLE = YES;
				IPHONEOS_DEPLOYMENT_TARGET = 15.5;
				MTL_ENABLE_DEBUG_INFO = NO;
				MTL_FAST_MATH = YES;
				SDKROOT = iphoneos;
				SWIFT_COMPILATION_MODE = wholemodule;
				SWIFT_OPTIMIZATION_LEVEL = "-O";
				VALIDATE_PRODUCT = YES;
			};
			name = Release;
		};
		7C3242A7284413F0004F2150 /* Debug */ = {
			isa = XCBuildConfiguration;
			buildSettings = {
				ASSETCATALOG_COMPILER_APPICON_NAME = AppIcon;
				ASSETCATALOG_COMPILER_GLOBAL_ACCENT_COLOR_NAME = AccentColor;
				CODE_SIGN_ENTITLEMENTS = Travner/Travner.entitlements;
				CODE_SIGN_STYLE = Automatic;
				CURRENT_PROJECT_VERSION = 1;
				DEVELOPMENT_ASSET_PATHS = "\"Travner/Preview Content\"";
				DEVELOPMENT_TEAM = 2GPC52S3LY;
				ENABLE_PREVIEWS = YES;
				GENERATE_INFOPLIST_FILE = YES;
				INFOPLIST_FILE = Travner/Info.plist;
				INFOPLIST_KEY_UIApplicationSceneManifest_Generation = YES;
				INFOPLIST_KEY_UIApplicationSupportsIndirectInputEvents = YES;
				INFOPLIST_KEY_UILaunchScreen_Generation = YES;
				INFOPLIST_KEY_UISupportedInterfaceOrientations_iPad = "UIInterfaceOrientationPortrait UIInterfaceOrientationPortraitUpsideDown UIInterfaceOrientationLandscapeLeft UIInterfaceOrientationLandscapeRight";
				INFOPLIST_KEY_UISupportedInterfaceOrientations_iPhone = "UIInterfaceOrientationPortrait UIInterfaceOrientationLandscapeLeft UIInterfaceOrientationLandscapeRight";
				LD_RUNPATH_SEARCH_PATHS = (
					"$(inherited)",
					"@executable_path/Frameworks",
				);
				MARKETING_VERSION = 1.0;
				PRODUCT_BUNDLE_IDENTIFIER = dev.mazzaos.Travner;
				PRODUCT_NAME = "$(TARGET_NAME)";
				SWIFT_EMIT_LOC_STRINGS = YES;
				SWIFT_VERSION = 5.0;
				TARGETED_DEVICE_FAMILY = "1,2";
			};
			name = Debug;
		};
		7C3242A8284413F0004F2150 /* Release */ = {
			isa = XCBuildConfiguration;
			buildSettings = {
				ASSETCATALOG_COMPILER_APPICON_NAME = AppIcon;
				ASSETCATALOG_COMPILER_GLOBAL_ACCENT_COLOR_NAME = AccentColor;
				CODE_SIGN_ENTITLEMENTS = Travner/Travner.entitlements;
				CODE_SIGN_STYLE = Automatic;
				CURRENT_PROJECT_VERSION = 1;
				DEVELOPMENT_ASSET_PATHS = "\"Travner/Preview Content\"";
				DEVELOPMENT_TEAM = 2GPC52S3LY;
				ENABLE_PREVIEWS = YES;
				GENERATE_INFOPLIST_FILE = YES;
				INFOPLIST_FILE = Travner/Info.plist;
				INFOPLIST_KEY_UIApplicationSceneManifest_Generation = YES;
				INFOPLIST_KEY_UIApplicationSupportsIndirectInputEvents = YES;
				INFOPLIST_KEY_UILaunchScreen_Generation = YES;
				INFOPLIST_KEY_UISupportedInterfaceOrientations_iPad = "UIInterfaceOrientationPortrait UIInterfaceOrientationPortraitUpsideDown UIInterfaceOrientationLandscapeLeft UIInterfaceOrientationLandscapeRight";
				INFOPLIST_KEY_UISupportedInterfaceOrientations_iPhone = "UIInterfaceOrientationPortrait UIInterfaceOrientationLandscapeLeft UIInterfaceOrientationLandscapeRight";
				LD_RUNPATH_SEARCH_PATHS = (
					"$(inherited)",
					"@executable_path/Frameworks",
				);
				MARKETING_VERSION = 1.0;
				PRODUCT_BUNDLE_IDENTIFIER = dev.mazzaos.Travner;
				PRODUCT_NAME = "$(TARGET_NAME)";
				SWIFT_EMIT_LOC_STRINGS = YES;
				SWIFT_VERSION = 5.0;
				TARGETED_DEVICE_FAMILY = "1,2";
			};
			name = Release;
		};
/* End XCBuildConfiguration section */

/* Begin XCConfigurationList section */
		7C324293284413E9004F2150 /* Build configuration list for PBXProject "Travner" */ = {
			isa = XCConfigurationList;
			buildConfigurations = (
				7C3242A4284413F0004F2150 /* Debug */,
				7C3242A5284413F0004F2150 /* Release */,
			);
			defaultConfigurationIsVisible = 0;
			defaultConfigurationName = Release;
		};
		7C3242A6284413F0004F2150 /* Build configuration list for PBXNativeTarget "Travner" */ = {
			isa = XCConfigurationList;
			buildConfigurations = (
				7C3242A7284413F0004F2150 /* Debug */,
				7C3242A8284413F0004F2150 /* Release */,
			);
			defaultConfigurationIsVisible = 0;
			defaultConfigurationName = Release;
		};
/* End XCConfigurationList section */

/* Begin XCVersionGroup section */
		7C560E22285242E9001C61AF /* Main.xcdatamodeld */ = {
			isa = XCVersionGroup;
			children = (
				7C560E23285242E9001C61AF /* Main.xcdatamodel */,
			);
			currentVersion = 7C560E23285242E9001C61AF /* Main.xcdatamodel */;
			path = Main.xcdatamodeld;
			sourceTree = "<group>";
			versionGroupType = wrapper.xcdatamodel;
		};
/* End XCVersionGroup section */
	};
	rootObject = 7C324290284413E9004F2150 /* Project object */;
}
